# This file is automatically @generated by Cargo.
# It is not intended for manual editing.
version = 4

[[package]]
name = "meshdash-core"
version = "0.1.0"
dependencies = [
 "meshdash-proto",
 "meshdash-transport",
]

[[package]]
name = "meshdash-modules"
version = "0.1.0"
dependencies = [
 "meshdash-core",
]

[[package]]
name = "meshdash-proto"
version = "0.1.0"

[[package]]
name = "meshdash-server"
version = "0.1.0"
dependencies = [
 "meshdash-core",
 "meshdash-modules",
]

[[package]]
name = "meshdash-transport"
version = "0.1.0"
dependencies = [
 "meshdash-proto",
]
